
Microsoft Visual Studio Solution File, Format Version 12.00
# Visual Studio Version 16
VisualStudioVersion = 16.6.30114.105
MinimumVisualStudioVersion = 10.0.40219.1
Project("{FAE04EC0-301F-11D3-BF4B-00C04F79EFBC}") = "TypesLib", "TypesLib\TypesLib.csproj", "{47CEC171-C334-4D6E-891F-717CFF4BFAFE}"
EndProject
Project("{FAE04EC0-301F-11D3-BF4B-00C04F79EFBC}") = "App", "App\App.csproj", "{B0915D68-C1E4-4EC6-846F-591BC13EBC7A}"
EndProject
Project("{FAE04EC0-301F-11D3-BF4B-00C04F79EFBC}") = "WatchLib", "WatchLib\WatchLib.csproj", "{E9B8409E-347A-4891-A801-12A3293A16F2}"
EndProject
Project("{FAE04EC0-301F-11D3-BF4B-00C04F79EFBC}") = "ArraysLib", "ArraysLib\ArraysLib.csproj", "{48039C32-D496-4344-9422-6C6270C2BA54}"
EndProject
Global
	GlobalSection(SolutionConfigurationPlatforms) = preSolution
		Debug|Any CPU = Debug|Any CPU
		Debug|x64 = Debug|x64
		Debug|x86 = Debug|x86
		Release|Any CPU = Release|Any CPU
		Release|x64 = Release|x64
		Release|x86 = Release|x86
	EndGlobalSection
	GlobalSection(SolutionProperties) = preSolution
		HideSolutionNode = FALSE
	EndGlobalSection
	GlobalSection(ProjectConfigurationPlatforms) = postSolution
		{47CEC171-C334-4D6E-891F-717CFF4BFAFE}.Debug|Any CPU.ActiveCfg = Debug|Any CPU
		{47CEC171-C334-4D6E-891F-717CFF4BFAFE}.Debug|Any CPU.Build.0 = Debug|Any CPU
		{47CEC171-C334-4D6E-891F-717CFF4BFAFE}.Debug|x64.ActiveCfg = Debug|Any CPU
		{47CEC171-C334-4D6E-891F-717CFF4BFAFE}.Debug|x64.Build.0 = Debug|Any CPU
		{47CEC171-C334-4D6E-891F-717CFF4BFAFE}.Debug|x86.ActiveCfg = Debug|Any CPU
		{47CEC171-C334-4D6E-891F-717CFF4BFAFE}.Debug|x86.Build.0 = Debug|Any CPU
		{47CEC171-C334-4D6E-891F-717CFF4BFAFE}.Release|Any CPU.ActiveCfg = Release|Any CPU
		{47CEC171-C334-4D6E-891F-717CFF4BFAFE}.Release|Any CPU.Build.0 = Release|Any CPU
		{47CEC171-C334-4D6E-891F-717CFF4BFAFE}.Release|x64.ActiveCfg = Release|Any CPU
		{47CEC171-C334-4D6E-891F-717CFF4BFAFE}.Release|x64.Build.0 = Release|Any CPU
		{47CEC171-C334-4D6E-891F-717CFF4BFAFE}.Release|x86.ActiveCfg = Release|Any CPU
		{47CEC171-C334-4D6E-891F-717CFF4BFAFE}.Release|x86.Build.0 = Release|Any CPU
		{B0915D68-C1E4-4EC6-846F-591BC13EBC7A}.Debug|Any CPU.ActiveCfg = Debug|Any CPU
		{B0915D68-C1E4-4EC6-846F-591BC13EBC7A}.Debug|Any CPU.Build.0 = Debug|Any CPU
		{B0915D68-C1E4-4EC6-846F-591BC13EBC7A}.Debug|x64.ActiveCfg = Debug|Any CPU
		{B0915D68-C1E4-4EC6-846F-591BC13EBC7A}.Debug|x64.Build.0 = Debug|Any CPU
		{B0915D68-C1E4-4EC6-846F-591BC13EBC7A}.Debug|x86.ActiveCfg = Debug|Any CPU
		{B0915D68-C1E4-4EC6-846F-591BC13EBC7A}.Debug|x86.Build.0 = Debug|Any CPU
		{B0915D68-C1E4-4EC6-846F-591BC13EBC7A}.Release|Any CPU.ActiveCfg = Release|Any CPU
		{B0915D68-C1E4-4EC6-846F-591BC13EBC7A}.Release|Any CPU.Build.0 = Release|Any CPU
		{B0915D68-C1E4-4EC6-846F-591BC13EBC7A}.Release|x64.ActiveCfg = Release|Any CPU
		{B0915D68-C1E4-4EC6-846F-591BC13EBC7A}.Release|x64.Build.0 = Release|Any CPU
		{B0915D68-C1E4-4EC6-846F-591BC13EBC7A}.Release|x86.ActiveCfg = Release|Any CPU
		{B0915D68-C1E4-4EC6-846F-591BC13EBC7A}.Release|x86.Build.0 = Release|Any CPU
		{E9B8409E-347A-4891-A801-12A3293A16F2}.Debug|Any CPU.ActiveCfg = Debug|Any CPU
		{E9B8409E-347A-4891-A801-12A3293A16F2}.Debug|Any CPU.Build.0 = Debug|Any CPU
		{E9B8409E-347A-4891-A801-12A3293A16F2}.Debug|x64.ActiveCfg = Debug|Any CPU
		{E9B8409E-347A-4891-A801-12A3293A16F2}.Debug|x64.Build.0 = Debug|Any CPU
		{E9B8409E-347A-4891-A801-12A3293A16F2}.Debug|x86.ActiveCfg = Debug|Any CPU
		{E9B8409E-347A-4891-A801-12A3293A16F2}.Debug|x86.Build.0 = Debug|Any CPU
		{E9B8409E-347A-4891-A801-12A3293A16F2}.Release|Any CPU.ActiveCfg = Release|Any CPU
		{E9B8409E-347A-4891-A801-12A3293A16F2}.Release|Any CPU.Build.0 = Release|Any CPU
		{E9B8409E-347A-4891-A801-12A3293A16F2}.Release|x64.ActiveCfg = Release|Any CPU
		{E9B8409E-347A-4891-A801-12A3293A16F2}.Release|x64.Build.0 = Release|Any CPU
		{E9B8409E-347A-4891-A801-12A3293A16F2}.Release|x86.ActiveCfg = Release|Any CPU
		{E9B8409E-347A-4891-A801-12A3293A16F2}.Release|x86.Build.0 = Release|Any CPU
		{48039C32-D496-4344-9422-6C6270C2BA54}.Debug|Any CPU.ActiveCfg = Debug|Any CPU
		{48039C32-D496-4344-9422-6C6270C2BA54}.Debug|Any CPU.Build.0 = Debug|Any CPU
		{48039C32-D496-4344-9422-6C6270C2BA54}.Debug|x64.ActiveCfg = Debug|Any CPU
		{48039C32-D496-4344-9422-6C6270C2BA54}.Debug|x64.Build.0 = Debug|Any CPU
		{48039C32-D496-4344-9422-6C6270C2BA54}.Debug|x86.ActiveCfg = Debug|Any CPU
		{48039C32-D496-4344-9422-6C6270C2BA54}.Debug|x86.Build.0 = Debug|Any CPU
		{48039C32-D496-4344-9422-6C6270C2BA54}.Release|Any CPU.ActiveCfg = Release|Any CPU
		{48039C32-D496-4344-9422-6C6270C2BA54}.Release|Any CPU.Build.0 = Release|Any CPU
		{48039C32-D496-4344-9422-6C6270C2BA54}.Release|x64.ActiveCfg = Release|Any CPU
		{48039C32-D496-4344-9422-6C6270C2BA54}.Release|x64.Build.0 = Release|Any CPU
		{48039C32-D496-4344-9422-6C6270C2BA54}.Release|x86.ActiveCfg = Release|Any CPU
		{48039C32-D496-4344-9422-6C6270C2BA54}.Release|x86.Build.0 = Release|Any CPU
	EndGlobalSection
EndGlobal
